// !$*UTF8*$!
{
	archiveVersion = 1;
	classes = {
	};
	objectVersion = 56;
	objects = {

/* Begin PBXBuildFile section */
		EA03C8DC2A84F4DD006BE017 /* AppDelegate.swift in Sources */ = {isa = PBXBuildFile; fileRef = EA03C8DB2A84F4DD006BE017 /* AppDelegate.swift */; };
		EA03C8E52A84F4DE006BE017 /* Assets.xcassets in Resources */ = {isa = PBXBuildFile; fileRef = EA03C8E42A84F4DE006BE017 /* Assets.xcassets */; };
		EA03C8E82A84F4DE006BE017 /* LaunchScreen.storyboard in Resources */ = {isa = PBXBuildFile; fileRef = EA03C8E62A84F4DE006BE017 /* LaunchScreen.storyboard */; };
		EA03C8FD2A84F4DE006BE017 /* WiseCurrencyConverterUITests.swift in Sources */ = {isa = PBXBuildFile; fileRef = EA03C8FC2A84F4DE006BE017 /* WiseCurrencyConverterUITests.swift */; };
		EA03C90F2A84F566006BE017 /* HomePresenter.swift in Sources */ = {isa = PBXBuildFile; fileRef = EA03C90B2A84F566006BE017 /* HomePresenter.swift */; };
		EA03C9102A84F566006BE017 /* HomeRouter.swift in Sources */ = {isa = PBXBuildFile; fileRef = EA03C90C2A84F566006BE017 /* HomeRouter.swift */; };
		EA03C9112A84F566006BE017 /* HomeBuilder.swift in Sources */ = {isa = PBXBuildFile; fileRef = EA03C90D2A84F566006BE017 /* HomeBuilder.swift */; };
		EA03C9122A84F566006BE017 /* HomeVC.swift in Sources */ = {isa = PBXBuildFile; fileRef = EA03C90E2A84F566006BE017 /* HomeVC.swift */; };
		EA40EC482A8DED2B0033D86E /* Double+Extension.swift in Sources */ = {isa = PBXBuildFile; fileRef = EA40EC472A8DED2B0033D86E /* Double+Extension.swift */; };
		EA40EC4A2A8DEE1A0033D86E /* Date+Extension.swift in Sources */ = {isa = PBXBuildFile; fileRef = EA40EC492A8DEE1A0033D86E /* Date+Extension.swift */; };
		EA40EC4C2A8DF3870033D86E /* WiseCurrencyConverterTests.swift in Sources */ = {isa = PBXBuildFile; fileRef = EA40EC4B2A8DF3870033D86E /* WiseCurrencyConverterTests.swift */; };
		EA73E4D12A8B52C600142732 /* CurrencyModuleDataStore.swift in Sources */ = {isa = PBXBuildFile; fileRef = EA73E4D02A8B52C600142732 /* CurrencyModuleDataStore.swift */; };
		EA73E4D32A8B56E200142732 /* CurrencySymbolImageGenerator.swift in Sources */ = {isa = PBXBuildFile; fileRef = EA73E4D22A8B56E200142732 /* CurrencySymbolImageGenerator.swift */; };
		EA73E4D52A8B598000142732 /* currency-data.json in Resources */ = {isa = PBXBuildFile; fileRef = EA73E4D42A8B598000142732 /* currency-data.json */; };
		EA8E02D32A8507F300E6504E /* CurrencyInputView.swift in Sources */ = {isa = PBXBuildFile; fileRef = EA8E02D22A8507F300E6504E /* CurrencyInputView.swift */; };
		EAA7865F2A8BBEEB00A6E295 /* APIEndpoints.swift in Sources */ = {isa = PBXBuildFile; fileRef = EAA7865E2A8BBEEB00A6E295 /* APIEndpoints.swift */; };
		EAA936C32A8B355C00FF582D /* CurrencyCell.swift in Sources */ = {isa = PBXBuildFile; fileRef = EAA936C22A8B355C00FF582D /* CurrencyCell.swift */; };
		EAA936C52A8B3C1700FF582D /* Currency.swift in Sources */ = {isa = PBXBuildFile; fileRef = EAA936C42A8B3C1700FF582D /* Currency.swift */; };
		EAAC4F312A889D6E00A54379 /* BottomButton.swift in Sources */ = {isa = PBXBuildFile; fileRef = EAAC4F302A889D6E00A54379 /* BottomButton.swift */; };
		EAAC4F342A88A08000A54379 /* ThemeProvider.swift in Sources */ = {isa = PBXBuildFile; fileRef = EAAC4F332A88A08000A54379 /* ThemeProvider.swift */; };
		EAAC4F362A88A09700A54379 /* AppTheme.swift in Sources */ = {isa = PBXBuildFile; fileRef = EAAC4F352A88A09700A54379 /* AppTheme.swift */; };
		EAAC4F392A88A5D000A54379 /* Autolayout.swift in Sources */ = {isa = PBXBuildFile; fileRef = EAAC4F382A88A5D000A54379 /* Autolayout.swift */; };
		EAAC4F3C2A88AC6200A54379 /* UIViewController+Extension.swift in Sources */ = {isa = PBXBuildFile; fileRef = EAAC4F3B2A88AC6200A54379 /* UIViewController+Extension.swift */; };
		EAAC4F3E2A88C8F400A54379 /* Themed.swift in Sources */ = {isa = PBXBuildFile; fileRef = EAAC4F3D2A88C8F400A54379 /* Themed.swift */; };
		EAAC4F402A88C9B900A54379 /* CurrencyInputDelegate.swift in Sources */ = {isa = PBXBuildFile; fileRef = EAAC4F3F2A88C9B900A54379 /* CurrencyInputDelegate.swift */; };
		EAAC4F422A88D52100A54379 /* DataStore.swift in Sources */ = {isa = PBXBuildFile; fileRef = EAAC4F412A88D52100A54379 /* DataStore.swift */; };
		EAAC4F442A88EFC500A54379 /* CurrencyConverterNetworkManager.swift in Sources */ = {isa = PBXBuildFile; fileRef = EAAC4F432A88EFC500A54379 /* CurrencyConverterNetworkManager.swift */; };
		EAAC4F462A88F03A00A54379 /* OpenExchangeRatesManager.swift in Sources */ = {isa = PBXBuildFile; fileRef = EAAC4F452A88F03A00A54379 /* OpenExchangeRatesManager.swift */; };
		EAAC4F4A2A88F09700A54379 /* NetworkError.swift in Sources */ = {isa = PBXBuildFile; fileRef = EAAC4F492A88F09700A54379 /* NetworkError.swift */; };
		EAC650BE2A84F5F4003545E7 /* CurrenciesListVC.swift in Sources */ = {isa = PBXBuildFile; fileRef = EAC650BA2A84F5F4003545E7 /* CurrenciesListVC.swift */; };
		EAC650BF2A84F5F4003545E7 /* CurrenciesListBuilder.swift in Sources */ = {isa = PBXBuildFile; fileRef = EAC650BB2A84F5F4003545E7 /* CurrenciesListBuilder.swift */; };
		EAC650C02A84F5F4003545E7 /* CurrenciesListPresenter.swift in Sources */ = {isa = PBXBuildFile; fileRef = EAC650BC2A84F5F4003545E7 /* CurrenciesListPresenter.swift */; };
		EAC650C12A84F5F4003545E7 /* CurrenciesListRouter.swift in Sources */ = {isa = PBXBuildFile; fileRef = EAC650BD2A84F5F4003545E7 /* CurrenciesListRouter.swift */; };
/* End PBXBuildFile section */

/* Begin PBXContainerItemProxy section */
		EA03C8EF2A84F4DE006BE017 /* PBXContainerItemProxy */ = {
			isa = PBXContainerItemProxy;
			containerPortal = EA03C8D02A84F4DC006BE017 /* Project object */;
			proxyType = 1;
			remoteGlobalIDString = EA03C8D72A84F4DD006BE017;
			remoteInfo = WiseCurrencyConverter;
		};
		EA03C8F92A84F4DE006BE017 /* PBXContainerItemProxy */ = {
			isa = PBXContainerItemProxy;
			containerPortal = EA03C8D02A84F4DC006BE017 /* Project object */;
			proxyType = 1;
			remoteGlobalIDString = EA03C8D72A84F4DD006BE017;
			remoteInfo = WiseCurrencyConverter;
		};
/* End PBXContainerItemProxy section */

/* Begin PBXFileReference section */
		EA03C8D82A84F4DD006BE017 /* WiseCurrencyConverter.app */ = {isa = PBXFileReference; explicitFileType = wrapper.application; includeInIndex = 0; path = WiseCurrencyConverter.app; sourceTree = BUILT_PRODUCTS_DIR; };
		EA03C8DB2A84F4DD006BE017 /* AppDelegate.swift */ = {isa = PBXFileReference; lastKnownFileType = sourcecode.swift; path = AppDelegate.swift; sourceTree = "<group>"; };
		EA03C8E42A84F4DE006BE017 /* Assets.xcassets */ = {isa = PBXFileReference; lastKnownFileType = folder.assetcatalog; path = Assets.xcassets; sourceTree = "<group>"; };
		EA03C8E72A84F4DE006BE017 /* Base */ = {isa = PBXFileReference; lastKnownFileType = file.storyboard; name = Base; path = Base.lproj/LaunchScreen.storyboard; sourceTree = "<group>"; };
		EA03C8E92A84F4DE006BE017 /* Info.plist */ = {isa = PBXFileReference; lastKnownFileType = text.plist.xml; path = Info.plist; sourceTree = "<group>"; };
		EA03C8EE2A84F4DE006BE017 /* WiseCurrencyConverterTests.xctest */ = {isa = PBXFileReference; explicitFileType = wrapper.cfbundle; includeInIndex = 0; path = WiseCurrencyConverterTests.xctest; sourceTree = BUILT_PRODUCTS_DIR; };
		EA03C8F82A84F4DE006BE017 /* WiseCurrencyConverterUITests.xctest */ = {isa = PBXFileReference; explicitFileType = wrapper.cfbundle; includeInIndex = 0; path = WiseCurrencyConverterUITests.xctest; sourceTree = BUILT_PRODUCTS_DIR; };
		EA03C8FC2A84F4DE006BE017 /* WiseCurrencyConverterUITests.swift */ = {isa = PBXFileReference; lastKnownFileType = sourcecode.swift; path = WiseCurrencyConverterUITests.swift; sourceTree = "<group>"; };
		EA03C90B2A84F566006BE017 /* HomePresenter.swift */ = {isa = PBXFileReference; lastKnownFileType = sourcecode.swift; path = HomePresenter.swift; sourceTree = "<group>"; };
		EA03C90C2A84F566006BE017 /* HomeRouter.swift */ = {isa = PBXFileReference; lastKnownFileType = sourcecode.swift; path = HomeRouter.swift; sourceTree = "<group>"; };
		EA03C90D2A84F566006BE017 /* HomeBuilder.swift */ = {isa = PBXFileReference; lastKnownFileType = sourcecode.swift; path = HomeBuilder.swift; sourceTree = "<group>"; };
		EA03C90E2A84F566006BE017 /* HomeVC.swift */ = {isa = PBXFileReference; lastKnownFileType = sourcecode.swift; path = HomeVC.swift; sourceTree = "<group>"; };
		EA40EC472A8DED2B0033D86E /* Double+Extension.swift */ = {isa = PBXFileReference; lastKnownFileType = sourcecode.swift; path = "Double+Extension.swift"; sourceTree = "<group>"; };
		EA40EC492A8DEE1A0033D86E /* Date+Extension.swift */ = {isa = PBXFileReference; lastKnownFileType = sourcecode.swift; path = "Date+Extension.swift"; sourceTree = "<group>"; };
		EA40EC4B2A8DF3870033D86E /* WiseCurrencyConverterTests.swift */ = {isa = PBXFileReference; lastKnownFileType = sourcecode.swift; path = WiseCurrencyConverterTests.swift; sourceTree = "<group>"; };
		EA73E4D02A8B52C600142732 /* CurrencyModuleDataStore.swift */ = {isa = PBXFileReference; lastKnownFileType = sourcecode.swift; path = CurrencyModuleDataStore.swift; sourceTree = "<group>"; };
		EA73E4D22A8B56E200142732 /* CurrencySymbolImageGenerator.swift */ = {isa = PBXFileReference; lastKnownFileType = sourcecode.swift; path = CurrencySymbolImageGenerator.swift; sourceTree = "<group>"; };
		EA73E4D42A8B598000142732 /* currency-data.json */ = {isa = PBXFileReference; fileEncoding = 4; lastKnownFileType = text.json; path = "currency-data.json"; sourceTree = "<group>"; };
		EA8E02D22A8507F300E6504E /* CurrencyInputView.swift */ = {isa = PBXFileReference; fileEncoding = 4; lastKnownFileType = sourcecode.swift; path = CurrencyInputView.swift; sourceTree = "<group>"; };
		EAA7865E2A8BBEEB00A6E295 /* APIEndpoints.swift */ = {isa = PBXFileReference; lastKnownFileType = sourcecode.swift; path = APIEndpoints.swift; sourceTree = "<group>"; };
		EAA936C22A8B355C00FF582D /* CurrencyCell.swift */ = {isa = PBXFileReference; lastKnownFileType = sourcecode.swift; path = CurrencyCell.swift; sourceTree = "<group>"; };
		EAA936C42A8B3C1700FF582D /* Currency.swift */ = {isa = PBXFileReference; lastKnownFileType = sourcecode.swift; path = Currency.swift; sourceTree = "<group>"; };
		EAAC4F302A889D6E00A54379 /* BottomButton.swift */ = {isa = PBXFileReference; lastKnownFileType = sourcecode.swift; path = BottomButton.swift; sourceTree = "<group>"; };
		EAAC4F332A88A08000A54379 /* ThemeProvider.swift */ = {isa = PBXFileReference; lastKnownFileType = sourcecode.swift; path = ThemeProvider.swift; sourceTree = "<group>"; };
		EAAC4F352A88A09700A54379 /* AppTheme.swift */ = {isa = PBXFileReference; lastKnownFileType = sourcecode.swift; path = AppTheme.swift; sourceTree = "<group>"; };
		EAAC4F382A88A5D000A54379 /* Autolayout.swift */ = {isa = PBXFileReference; lastKnownFileType = sourcecode.swift; path = Autolayout.swift; sourceTree = "<group>"; };
		EAAC4F3B2A88AC6200A54379 /* UIViewController+Extension.swift */ = {isa = PBXFileReference; lastKnownFileType = sourcecode.swift; path = "UIViewController+Extension.swift"; sourceTree = "<group>"; };
		EAAC4F3D2A88C8F400A54379 /* Themed.swift */ = {isa = PBXFileReference; lastKnownFileType = sourcecode.swift; path = Themed.swift; sourceTree = "<group>"; };
		EAAC4F3F2A88C9B900A54379 /* CurrencyInputDelegate.swift */ = {isa = PBXFileReference; lastKnownFileType = sourcecode.swift; path = CurrencyInputDelegate.swift; sourceTree = "<group>"; };
		EAAC4F412A88D52100A54379 /* DataStore.swift */ = {isa = PBXFileReference; lastKnownFileType = sourcecode.swift; path = DataStore.swift; sourceTree = "<group>"; };
		EAAC4F432A88EFC500A54379 /* CurrencyConverterNetworkManager.swift */ = {isa = PBXFileReference; lastKnownFileType = sourcecode.swift; path = CurrencyConverterNetworkManager.swift; sourceTree = "<group>"; };
		EAAC4F452A88F03A00A54379 /* OpenExchangeRatesManager.swift */ = {isa = PBXFileReference; lastKnownFileType = sourcecode.swift; path = OpenExchangeRatesManager.swift; sourceTree = "<group>"; };
		EAAC4F492A88F09700A54379 /* NetworkError.swift */ = {isa = PBXFileReference; lastKnownFileType = sourcecode.swift; path = NetworkError.swift; sourceTree = "<group>"; };
		EAC650BA2A84F5F4003545E7 /* CurrenciesListVC.swift */ = {isa = PBXFileReference; fileEncoding = 4; lastKnownFileType = sourcecode.swift; path = CurrenciesListVC.swift; sourceTree = "<group>"; };
		EAC650BB2A84F5F4003545E7 /* CurrenciesListBuilder.swift */ = {isa = PBXFileReference; fileEncoding = 4; lastKnownFileType = sourcecode.swift; path = CurrenciesListBuilder.swift; sourceTree = "<group>"; };
		EAC650BC2A84F5F4003545E7 /* CurrenciesListPresenter.swift */ = {isa = PBXFileReference; fileEncoding = 4; lastKnownFileType = sourcecode.swift; path = CurrenciesListPresenter.swift; sourceTree = "<group>"; };
		EAC650BD2A84F5F4003545E7 /* CurrenciesListRouter.swift */ = {isa = PBXFileReference; fileEncoding = 4; lastKnownFileType = sourcecode.swift; path = CurrenciesListRouter.swift; sourceTree = "<group>"; };
/* End PBXFileReference section */

/* Begin PBXFrameworksBuildPhase section */
		EA03C8D52A84F4DD006BE017 /* Frameworks */ = {
			isa = PBXFrameworksBuildPhase;
			buildActionMask = 2147483647;
			files = (
			);
			runOnlyForDeploymentPostprocessing = 0;
		};
		EA03C8EB2A84F4DE006BE017 /* Frameworks */ = {
			isa = PBXFrameworksBuildPhase;
			buildActionMask = 2147483647;
			files = (
			);
			runOnlyForDeploymentPostprocessing = 0;
		};
		EA03C8F52A84F4DE006BE017 /* Frameworks */ = {
			isa = PBXFrameworksBuildPhase;
			buildActionMask = 2147483647;
			files = (
			);
			runOnlyForDeploymentPostprocessing = 0;
		};
/* End PBXFrameworksBuildPhase section */

/* Begin PBXGroup section */
		EA03C8CF2A84F4DC006BE017 = {
			isa = PBXGroup;
			children = (
				EA03C8DA2A84F4DD006BE017 /* WiseCurrencyConverter */,
				EA03C8D92A84F4DD006BE017 /* Products */,
			);
			sourceTree = "<group>";
		};
		EA03C8D92A84F4DD006BE017 /* Products */ = {
			isa = PBXGroup;
			children = (
				EA03C8D82A84F4DD006BE017 /* WiseCurrencyConverter.app */,
				EA03C8EE2A84F4DE006BE017 /* WiseCurrencyConverterTests.xctest */,
				EA03C8F82A84F4DE006BE017 /* WiseCurrencyConverterUITests.xctest */,
			);
			name = Products;
			sourceTree = "<group>";
		};
		EA03C8DA2A84F4DD006BE017 /* WiseCurrencyConverter */ = {
			isa = PBXGroup;
			children = (
				EAA7865B2A8BB35D00A6E295 /* Application */,
				EAAC4F3A2A88A64A00A54379 /* Helpers */,
				EAC650C32A85072C003545E7 /* Modules */,
				EAA7865C2A8BB38000A6E295 /* Network */,
				EAA7865A2A8BB34D00A6E295 /* Resources */,
				EAAC4F322A88A05C00A54379 /* Views */,
				EA03C8FB2A84F4DE006BE017 /* Tests */,
			);
			path = WiseCurrencyConverter;
			sourceTree = "<group>";
		};
		EA03C8FB2A84F4DE006BE017 /* Tests */ = {
			isa = PBXGroup;
			children = (
				EA03C8FC2A84F4DE006BE017 /* WiseCurrencyConverterUITests.swift */,
				EA40EC4B2A8DF3870033D86E /* WiseCurrencyConverterTests.swift */,
			);
			path = Tests;
			sourceTree = "<group>";
		};
		EA03C9132A84F570006BE017 /* Home */ = {
			isa = PBXGroup;
			children = (
				EA03C90D2A84F566006BE017 /* HomeBuilder.swift */,
				EA03C90B2A84F566006BE017 /* HomePresenter.swift */,
				EA03C90C2A84F566006BE017 /* HomeRouter.swift */,
				EA03C90E2A84F566006BE017 /* HomeVC.swift */,
			);
			path = Home;
			sourceTree = "<group>";
		};
		EA40EC452A8DEAC70033D86E /* Shared */ = {
			isa = PBXGroup;
			children = (
				EA73E4D02A8B52C600142732 /* CurrencyModuleDataStore.swift */,
			);
			path = Shared;
			sourceTree = "<group>";
		};
		EA40EC462A8DEB350033D86E /* Extensions */ = {
			isa = PBXGroup;
			children = (
				EAAC4F3B2A88AC6200A54379 /* UIViewController+Extension.swift */,
				EA40EC472A8DED2B0033D86E /* Double+Extension.swift */,
				EA40EC492A8DEE1A0033D86E /* Date+Extension.swift */,
			);
			path = Extensions;
			sourceTree = "<group>";
		};
		EA40EC4D2A8DF3B50033D86E /* Models */ = {
			isa = PBXGroup;
			children = (
				EAA936C42A8B3C1700FF582D /* Currency.swift */,
			);
			path = Models;
			sourceTree = "<group>";
		};
		EA40EC4E2A8DF3BF0033D86E /* NetworkManager */ = {
			isa = PBXGroup;
			children = (
				EAAC4F432A88EFC500A54379 /* CurrencyConverterNetworkManager.swift */,
				EAAC4F452A88F03A00A54379 /* OpenExchangeRatesManager.swift */,
			);
			path = NetworkManager;
			sourceTree = "<group>";
		};
		EAA7865A2A8BB34D00A6E295 /* Resources */ = {
			isa = PBXGroup;
			children = (
				EA03C8E42A84F4DE006BE017 /* Assets.xcassets */,
				EA73E4D42A8B598000142732 /* currency-data.json */,
			);
			path = Resources;
			sourceTree = "<group>";
		};
		EAA7865B2A8BB35D00A6E295 /* Application */ = {
			isa = PBXGroup;
			children = (
				EA03C8DB2A84F4DD006BE017 /* AppDelegate.swift */,
				EA03C8E92A84F4DE006BE017 /* Info.plist */,
				EA03C8E62A84F4DE006BE017 /* LaunchScreen.storyboard */,
			);
			path = Application;
			sourceTree = "<group>";
		};
		EAA7865C2A8BB38000A6E295 /* Network */ = {
			isa = PBXGroup;
			children = (
				EA40EC4D2A8DF3B50033D86E /* Models */,
				EA40EC4E2A8DF3BF0033D86E /* NetworkManager */,
				EAA7865E2A8BBEEB00A6E295 /* APIEndpoints.swift */,
				EAAC4F492A88F09700A54379 /* NetworkError.swift */,
			);
			path = Network;
			sourceTree = "<group>";
		};
		EAAC4F322A88A05C00A54379 /* Views */ = {
			isa = PBXGroup;
			children = (
				EA8E02D22A8507F300E6504E /* CurrencyInputView.swift */,
				EAAC4F302A889D6E00A54379 /* BottomButton.swift */,
				EAA936C22A8B355C00FF582D /* CurrencyCell.swift */,
			);
			path = Views;
			sourceTree = "<group>";
		};
		EAAC4F372A88A23700A54379 /* Appearance */ = {
			isa = PBXGroup;
			children = (
				EAAC4F352A88A09700A54379 /* AppTheme.swift */,
				EAAC4F3D2A88C8F400A54379 /* Themed.swift */,
				EAAC4F332A88A08000A54379 /* ThemeProvider.swift */,
			);
			path = Appearance;
			sourceTree = "<group>";
		};
		EAAC4F3A2A88A64A00A54379 /* Helpers */ = {
			isa = PBXGroup;
			children = (
				EAAC4F372A88A23700A54379 /* Appearance */,
				EA40EC462A8DEB350033D86E /* Extensions */,
				EAAC4F382A88A5D000A54379 /* Autolayout.swift */,
				EAAC4F3F2A88C9B900A54379 /* CurrencyInputDelegate.swift */,
				EA73E4D22A8B56E200142732 /* CurrencySymbolImageGenerator.swift */,
				EAAC4F412A88D52100A54379 /* DataStore.swift */,
			);
			path = Helpers;
			sourceTree = "<group>";
		};
		EAC650C22A84F5FA003545E7 /* CurrenciesList */ = {
			isa = PBXGroup;
			children = (
				EAC650BB2A84F5F4003545E7 /* CurrenciesListBuilder.swift */,
				EAC650BC2A84F5F4003545E7 /* CurrenciesListPresenter.swift */,
				EAC650BD2A84F5F4003545E7 /* CurrenciesListRouter.swift */,
				EAC650BA2A84F5F4003545E7 /* CurrenciesListVC.swift */,
			);
			path = CurrenciesList;
			sourceTree = "<group>";
		};
		EAC650C32A85072C003545E7 /* Modules */ = {
			isa = PBXGroup;
			children = (
				EA40EC452A8DEAC70033D86E /* Shared */,
				EAC650C22A84F5FA003545E7 /* CurrenciesList */,
				EA03C9132A84F570006BE017 /* Home */,
			);
			path = Modules;
			sourceTree = "<group>";
		};
/* End PBXGroup section */

/* Begin PBXNativeTarget section */
		EA03C8D72A84F4DD006BE017 /* WiseCurrencyConverter */ = {
			isa = PBXNativeTarget;
			buildConfigurationList = EA03C9022A84F4DE006BE017 /* Build configuration list for PBXNativeTarget "WiseCurrencyConverter" */;
			buildPhases = (
				EA03C8D42A84F4DD006BE017 /* Sources */,
				EA03C8D52A84F4DD006BE017 /* Frameworks */,
				EA03C8D62A84F4DD006BE017 /* Resources */,
			);
			buildRules = (
			);
			dependencies = (
			);
			name = WiseCurrencyConverter;
			productName = WiseCurrencyConverter;
			productReference = EA03C8D82A84F4DD006BE017 /* WiseCurrencyConverter.app */;
			productType = "com.apple.product-type.application";
		};
		EA03C8ED2A84F4DE006BE017 /* WiseCurrencyConverterTests */ = {
			isa = PBXNativeTarget;
			buildConfigurationList = EA03C9052A84F4DE006BE017 /* Build configuration list for PBXNativeTarget "WiseCurrencyConverterTests" */;
			buildPhases = (
				EA03C8EA2A84F4DE006BE017 /* Sources */,
				EA03C8EB2A84F4DE006BE017 /* Frameworks */,
				EA03C8EC2A84F4DE006BE017 /* Resources */,
			);
			buildRules = (
			);
			dependencies = (
				EA03C8F02A84F4DE006BE017 /* PBXTargetDependency */,
			);
			name = WiseCurrencyConverterTests;
			productName = WiseCurrencyConverterTests;
			productReference = EA03C8EE2A84F4DE006BE017 /* WiseCurrencyConverterTests.xctest */;
			productType = "com.apple.product-type.bundle.unit-test";
		};
		EA03C8F72A84F4DE006BE017 /* WiseCurrencyConverterUITests */ = {
			isa = PBXNativeTarget;
			buildConfigurationList = EA03C9082A84F4DE006BE017 /* Build configuration list for PBXNativeTarget "WiseCurrencyConverterUITests" */;
			buildPhases = (
				EA03C8F42A84F4DE006BE017 /* Sources */,
				EA03C8F52A84F4DE006BE017 /* Frameworks */,
				EA03C8F62A84F4DE006BE017 /* Resources */,
			);
			buildRules = (
			);
			dependencies = (
				EA03C8FA2A84F4DE006BE017 /* PBXTargetDependency */,
			);
			name = WiseCurrencyConverterUITests;
			productName = WiseCurrencyConverterUITests;
			productReference = EA03C8F82A84F4DE006BE017 /* WiseCurrencyConverterUITests.xctest */;
			productType = "com.apple.product-type.bundle.ui-testing";
		};
/* End PBXNativeTarget section */

/* Begin PBXProject section */
		EA03C8D02A84F4DC006BE017 /* Project object */ = {
			isa = PBXProject;
			attributes = {
				BuildIndependentTargetsInParallel = 1;
				LastSwiftUpdateCheck = 1430;
				LastUpgradeCheck = 1430;
				TargetAttributes = {
					EA03C8D72A84F4DD006BE017 = {
						CreatedOnToolsVersion = 14.3.1;
					};
					EA03C8ED2A84F4DE006BE017 = {
						CreatedOnToolsVersion = 14.3.1;
						LastSwiftMigration = 1500;
						TestTargetID = EA03C8D72A84F4DD006BE017;
					};
					EA03C8F72A84F4DE006BE017 = {
						CreatedOnToolsVersion = 14.3.1;
						TestTargetID = EA03C8D72A84F4DD006BE017;
					};
				};
			};
			buildConfigurationList = EA03C8D32A84F4DD006BE017 /* Build configuration list for PBXProject "WiseCurrencyConverter" */;
			compatibilityVersion = "Xcode 14.0";
			developmentRegion = en;
			hasScannedForEncodings = 0;
			knownRegions = (
				en,
				Base,
			);
			mainGroup = EA03C8CF2A84F4DC006BE017;
			productRefGroup = EA03C8D92A84F4DD006BE017 /* Products */;
			projectDirPath = "";
			projectRoot = "";
			targets = (
				EA03C8D72A84F4DD006BE017 /* WiseCurrencyConverter */,
				EA03C8ED2A84F4DE006BE017 /* WiseCurrencyConverterTests */,
				EA03C8F72A84F4DE006BE017 /* WiseCurrencyConverterUITests */,
			);
		};
/* End PBXProject section */

/* Begin PBXResourcesBuildPhase section */
		EA03C8D62A84F4DD006BE017 /* Resources */ = {
			isa = PBXResourcesBuildPhase;
			buildActionMask = 2147483647;
			files = (
				EA03C8E82A84F4DE006BE017 /* LaunchScreen.storyboard in Resources */,
				EA73E4D52A8B598000142732 /* currency-data.json in Resources */,
				EA03C8E52A84F4DE006BE017 /* Assets.xcassets in Resources */,
			);
			runOnlyForDeploymentPostprocessing = 0;
		};
		EA03C8EC2A84F4DE006BE017 /* Resources */ = {
			isa = PBXResourcesBuildPhase;
			buildActionMask = 2147483647;
			files = (
			);
			runOnlyForDeploymentPostprocessing = 0;
		};
		EA03C8F62A84F4DE006BE017 /* Resources */ = {
			isa = PBXResourcesBuildPhase;
			buildActionMask = 2147483647;
			files = (
			);
			runOnlyForDeploymentPostprocessing = 0;
		};
/* End PBXResourcesBuildPhase section */

/* Begin PBXSourcesBuildPhase section */
		EA03C8D42A84F4DD006BE017 /* Sources */ = {
			isa = PBXSourcesBuildPhase;
			buildActionMask = 2147483647;
			files = (
				EA73E4D32A8B56E200142732 /* CurrencySymbolImageGenerator.swift in Sources */,
				EAA936C32A8B355C00FF582D /* CurrencyCell.swift in Sources */,
				EAAC4F362A88A09700A54379 /* AppTheme.swift in Sources */,
				EA73E4D12A8B52C600142732 /* CurrencyModuleDataStore.swift in Sources */,
				EA03C9112A84F566006BE017 /* HomeBuilder.swift in Sources */,
				EAC650BE2A84F5F4003545E7 /* CurrenciesListVC.swift in Sources */,
				EAAC4F3C2A88AC6200A54379 /* UIViewController+Extension.swift in Sources */,
				EA03C9122A84F566006BE017 /* HomeVC.swift in Sources */,
				EAC650C02A84F5F4003545E7 /* CurrenciesListPresenter.swift in Sources */,
				EA03C8DC2A84F4DD006BE017 /* AppDelegate.swift in Sources */,
				EAAC4F422A88D52100A54379 /* DataStore.swift in Sources */,
				EAAC4F462A88F03A00A54379 /* OpenExchangeRatesManager.swift in Sources */,
				EAAC4F4A2A88F09700A54379 /* NetworkError.swift in Sources */,
				EA03C90F2A84F566006BE017 /* HomePresenter.swift in Sources */,
				EAC650C12A84F5F4003545E7 /* CurrenciesListRouter.swift in Sources */,
				EAA7865F2A8BBEEB00A6E295 /* APIEndpoints.swift in Sources */,
				EAA936C52A8B3C1700FF582D /* Currency.swift in Sources */,
				EAAC4F312A889D6E00A54379 /* BottomButton.swift in Sources */,
				EAAC4F342A88A08000A54379 /* ThemeProvider.swift in Sources */,
				EA40EC482A8DED2B0033D86E /* Double+Extension.swift in Sources */,
				EAC650BF2A84F5F4003545E7 /* CurrenciesListBuilder.swift in Sources */,
				EA8E02D32A8507F300E6504E /* CurrencyInputView.swift in Sources */,
				EAAC4F402A88C9B900A54379 /* CurrencyInputDelegate.swift in Sources */,
				EAAC4F442A88EFC500A54379 /* CurrencyConverterNetworkManager.swift in Sources */,
				EAAC4F392A88A5D000A54379 /* Autolayout.swift in Sources */,
				EA40EC4A2A8DEE1A0033D86E /* Date+Extension.swift in Sources */,
				EAAC4F3E2A88C8F400A54379 /* Themed.swift in Sources */,
				EA03C9102A84F566006BE017 /* HomeRouter.swift in Sources */,
			);
			runOnlyForDeploymentPostprocessing = 0;
		};
		EA03C8EA2A84F4DE006BE017 /* Sources */ = {
			isa = PBXSourcesBuildPhase;
			buildActionMask = 2147483647;
			files = (
				EA40EC4C2A8DF3870033D86E /* WiseCurrencyConverterTests.swift in Sources */,
			);
			runOnlyForDeploymentPostprocessing = 0;
		};
		EA03C8F42A84F4DE006BE017 /* Sources */ = {
			isa = PBXSourcesBuildPhase;
			buildActionMask = 2147483647;
			files = (
				EA03C8FD2A84F4DE006BE017 /* WiseCurrencyConverterUITests.swift in Sources */,
			);
			runOnlyForDeploymentPostprocessing = 0;
		};
/* End PBXSourcesBuildPhase section */

/* Begin PBXTargetDependency section */
		EA03C8F02A84F4DE006BE017 /* PBXTargetDependency */ = {
			isa = PBXTargetDependency;
			target = EA03C8D72A84F4DD006BE017 /* WiseCurrencyConverter */;
			targetProxy = EA03C8EF2A84F4DE006BE017 /* PBXContainerItemProxy */;
		};
		EA03C8FA2A84F4DE006BE017 /* PBXTargetDependency */ = {
			isa = PBXTargetDependency;
			target = EA03C8D72A84F4DD006BE017 /* WiseCurrencyConverter */;
			targetProxy = EA03C8F92A84F4DE006BE017 /* PBXContainerItemProxy */;
		};
/* End PBXTargetDependency section */

/* Begin PBXVariantGroup section */
		EA03C8E62A84F4DE006BE017 /* LaunchScreen.storyboard */ = {
			isa = PBXVariantGroup;
			children = (
				EA03C8E72A84F4DE006BE017 /* Base */,
			);
			name = LaunchScreen.storyboard;
			sourceTree = "<group>";
		};
/* End PBXVariantGroup section */

/* Begin XCBuildConfiguration section */
		EA03C9002A84F4DE006BE017 /* Debug */ = {
			isa = XCBuildConfiguration;
			buildSettings = {
				ALWAYS_SEARCH_USER_PATHS = NO;
				CLANG_ANALYZER_NONNULL = YES;
				CLANG_ANALYZER_NUMBER_OBJECT_CONVERSION = YES_AGGRESSIVE;
				CLANG_CXX_LANGUAGE_STANDARD = "gnu++20";
				CLANG_ENABLE_MODULES = YES;
				CLANG_ENABLE_OBJC_ARC = YES;
				CLANG_ENABLE_OBJC_WEAK = YES;
				CLANG_WARN_BLOCK_CAPTURE_AUTORELEASING = YES;
				CLANG_WARN_BOOL_CONVERSION = YES;
				CLANG_WARN_COMMA = YES;
				CLANG_WARN_CONSTANT_CONVERSION = YES;
				CLANG_WARN_DEPRECATED_OBJC_IMPLEMENTATIONS = YES;
				CLANG_WARN_DIRECT_OBJC_ISA_USAGE = YES_ERROR;
				CLANG_WARN_DOCUMENTATION_COMMENTS = YES;
				CLANG_WARN_EMPTY_BODY = YES;
				CLANG_WARN_ENUM_CONVERSION = YES;
				CLANG_WARN_INFINITE_RECURSION = YES;
				CLANG_WARN_INT_CONVERSION = YES;
				CLANG_WARN_NON_LITERAL_NULL_CONVERSION = YES;
				CLANG_WARN_OBJC_IMPLICIT_RETAIN_SELF = YES;
				CLANG_WARN_OBJC_LITERAL_CONVERSION = YES;
				CLANG_WARN_OBJC_ROOT_CLASS = YES_ERROR;
				CLANG_WARN_QUOTED_INCLUDE_IN_FRAMEWORK_HEADER = YES;
				CLANG_WARN_RANGE_LOOP_ANALYSIS = YES;
				CLANG_WARN_STRICT_PROTOTYPES = YES;
				CLANG_WARN_SUSPICIOUS_MOVE = YES;
				CLANG_WARN_UNGUARDED_AVAILABILITY = YES_AGGRESSIVE;
				CLANG_WARN_UNREACHABLE_CODE = YES;
				CLANG_WARN__DUPLICATE_METHOD_MATCH = YES;
				COPY_PHASE_STRIP = NO;
				DEBUG_INFORMATION_FORMAT = dwarf;
				ENABLE_STRICT_OBJC_MSGSEND = YES;
				ENABLE_TESTABILITY = YES;
				GCC_C_LANGUAGE_STANDARD = gnu11;
				GCC_DYNAMIC_NO_PIC = NO;
				GCC_NO_COMMON_BLOCKS = YES;
				GCC_OPTIMIZATION_LEVEL = 0;
				GCC_PREPROCESSOR_DEFINITIONS = (
					"DEBUG=1",
					"$(inherited)",
				);
				GCC_WARN_64_TO_32_BIT_CONVERSION = YES;
				GCC_WARN_ABOUT_RETURN_TYPE = YES_ERROR;
				GCC_WARN_UNDECLARED_SELECTOR = YES;
				GCC_WARN_UNINITIALIZED_AUTOS = YES_AGGRESSIVE;
				GCC_WARN_UNUSED_FUNCTION = YES;
				GCC_WARN_UNUSED_VARIABLE = YES;
				IPHONEOS_DEPLOYMENT_TARGET = 16.4;
				MTL_ENABLE_DEBUG_INFO = INCLUDE_SOURCE;
				MTL_FAST_MATH = YES;
				ONLY_ACTIVE_ARCH = YES;
				SDKROOT = iphoneos;
				SWIFT_ACTIVE_COMPILATION_CONDITIONS = DEBUG;
				SWIFT_OPTIMIZATION_LEVEL = "-Onone";
			};
			name = Debug;
		};
		EA03C9012A84F4DE006BE017 /* Release */ = {
			isa = XCBuildConfiguration;
			buildSettings = {
				ALWAYS_SEARCH_USER_PATHS = NO;
				CLANG_ANALYZER_NONNULL = YES;
				CLANG_ANALYZER_NUMBER_OBJECT_CONVERSION = YES_AGGRESSIVE;
				CLANG_CXX_LANGUAGE_STANDARD = "gnu++20";
				CLANG_ENABLE_MODULES = YES;
				CLANG_ENABLE_OBJC_ARC = YES;
				CLANG_ENABLE_OBJC_WEAK = YES;
				CLANG_WARN_BLOCK_CAPTURE_AUTORELEASING = YES;
				CLANG_WARN_BOOL_CONVERSION = YES;
				CLANG_WARN_COMMA = YES;
				CLANG_WARN_CONSTANT_CONVERSION = YES;
				CLANG_WARN_DEPRECATED_OBJC_IMPLEMENTATIONS = YES;
				CLANG_WARN_DIRECT_OBJC_ISA_USAGE = YES_ERROR;
				CLANG_WARN_DOCUMENTATION_COMMENTS = YES;
				CLANG_WARN_EMPTY_BODY = YES;
				CLANG_WARN_ENUM_CONVERSION = YES;
				CLANG_WARN_INFINITE_RECURSION = YES;
				CLANG_WARN_INT_CONVERSION = YES;
				CLANG_WARN_NON_LITERAL_NULL_CONVERSION = YES;
				CLANG_WARN_OBJC_IMPLICIT_RETAIN_SELF = YES;
				CLANG_WARN_OBJC_LITERAL_CONVERSION = YES;
				CLANG_WARN_OBJC_ROOT_CLASS = YES_ERROR;
				CLANG_WARN_QUOTED_INCLUDE_IN_FRAMEWORK_HEADER = YES;
				CLANG_WARN_RANGE_LOOP_ANALYSIS = YES;
				CLANG_WARN_STRICT_PROTOTYPES = YES;
				CLANG_WARN_SUSPICIOUS_MOVE = YES;
				CLANG_WARN_UNGUARDED_AVAILABILITY = YES_AGGRESSIVE;
				CLANG_WARN_UNREACHABLE_CODE = YES;
				CLANG_WARN__DUPLICATE_METHOD_MATCH = YES;
				COPY_PHASE_STRIP = NO;
				DEBUG_INFORMATION_FORMAT = "dwarf-with-dsym";
				ENABLE_NS_ASSERTIONS = NO;
				ENABLE_STRICT_OBJC_MSGSEND = YES;
				GCC_C_LANGUAGE_STANDARD = gnu11;
				GCC_NO_COMMON_BLOCKS = YES;
				GCC_WARN_64_TO_32_BIT_CONVERSION = YES;
				GCC_WARN_ABOUT_RETURN_TYPE = YES_ERROR;
				GCC_WARN_UNDECLARED_SELECTOR = YES;
				GCC_WARN_UNINITIALIZED_AUTOS = YES_AGGRESSIVE;
				GCC_WARN_UNUSED_FUNCTION = YES;
				GCC_WARN_UNUSED_VARIABLE = YES;
				IPHONEOS_DEPLOYMENT_TARGET = 16.4;
				MTL_ENABLE_DEBUG_INFO = NO;
				MTL_FAST_MATH = YES;
				SDKROOT = iphoneos;
				SWIFT_ACTIVE_COMPILATION_CONDITIONS = "";
				SWIFT_COMPILATION_MODE = wholemodule;
				SWIFT_OPTIMIZATION_LEVEL = "-O";
				VALIDATE_PRODUCT = YES;
			};
			name = Release;
		};
		EA03C9032A84F4DE006BE017 /* Debug */ = {
			isa = XCBuildConfiguration;
			buildSettings = {
				APP_DISPLAY_NAME = WiseConverter;
				ASSETCATALOG_COMPILER_APPICON_NAME = AppIcon;
				ASSETCATALOG_COMPILER_GLOBAL_ACCENT_COLOR_NAME = AccentColor;
				CODE_SIGN_STYLE = Automatic;
				CURRENT_PROJECT_VERSION = 1;
				GENERATE_INFOPLIST_FILE = YES;
				INFOPLIST_FILE = WiseCurrencyConverter/Application/Info.plist;
				INFOPLIST_KEY_CFBundleDisplayName = "${APP_DISPLAY_NAME}";
				INFOPLIST_KEY_UILaunchStoryboardName = LaunchScreen.storyboard;
				INFOPLIST_KEY_UISupportedInterfaceOrientations = UIInterfaceOrientationPortrait;
				INFOPLIST_KEY_UISupportedInterfaceOrientations_iPad = "UIInterfaceOrientationLandscapeLeft UIInterfaceOrientationLandscapeRight UIInterfaceOrientationPortrait UIInterfaceOrientationPortraitUpsideDown";
				LD_RUNPATH_SEARCH_PATHS = (
					"$(inherited)",
					"@executable_path/Frameworks",
				);
				MARKETING_VERSION = 1.0;
				PRODUCT_BUNDLE_IDENTIFIER = romacv.WiseCurrencyConverter;
				PRODUCT_NAME = "$(TARGET_NAME)";
				SUPPORTED_PLATFORMS = "iphoneos iphonesimulator";
				SUPPORTS_MACCATALYST = NO;
				SUPPORTS_MAC_DESIGNED_FOR_IPHONE_IPAD = NO;
				SWIFT_EMIT_LOC_STRINGS = YES;
				SWIFT_VERSION = 5.0;
				TARGETED_DEVICE_FAMILY = 1;
			};
			name = Debug;
		};
		EA03C9042A84F4DE006BE017 /* Release */ = {
			isa = XCBuildConfiguration;
			buildSettings = {
				APP_DISPLAY_NAME = WiseConverter;
				ASSETCATALOG_COMPILER_APPICON_NAME = AppIcon;
				ASSETCATALOG_COMPILER_GLOBAL_ACCENT_COLOR_NAME = AccentColor;
				CODE_SIGN_STYLE = Automatic;
				CURRENT_PROJECT_VERSION = 1;
				GENERATE_INFOPLIST_FILE = YES;
				INFOPLIST_FILE = WiseCurrencyConverter/Application/Info.plist;
				INFOPLIST_KEY_CFBundleDisplayName = "${APP_DISPLAY_NAME}";
				INFOPLIST_KEY_UILaunchStoryboardName = LaunchScreen.storyboard;
				INFOPLIST_KEY_UISupportedInterfaceOrientations = UIInterfaceOrientationPortrait;
				INFOPLIST_KEY_UISupportedInterfaceOrientations_iPad = "UIInterfaceOrientationLandscapeLeft UIInterfaceOrientationLandscapeRight UIInterfaceOrientationPortrait UIInterfaceOrientationPortraitUpsideDown";
				LD_RUNPATH_SEARCH_PATHS = (
					"$(inherited)",
					"@executable_path/Frameworks",
				);
				MARKETING_VERSION = 1.0;
				PRODUCT_BUNDLE_IDENTIFIER = romacv.WiseCurrencyConverter;
				PRODUCT_NAME = "$(TARGET_NAME)";
				SUPPORTED_PLATFORMS = "iphoneos iphonesimulator";
				SUPPORTS_MACCATALYST = NO;
				SUPPORTS_MAC_DESIGNED_FOR_IPHONE_IPAD = NO;
				SWIFT_EMIT_LOC_STRINGS = YES;
				SWIFT_VERSION = 5.0;
				TARGETED_DEVICE_FAMILY = 1;
			};
			name = Release;
		};
		EA03C9062A84F4DE006BE017 /* Debug */ = {
			isa = XCBuildConfiguration;
			buildSettings = {
				ALWAYS_EMBED_SWIFT_STANDARD_LIBRARIES = YES;
				BUNDLE_LOADER = "$(TEST_HOST)";
				CLANG_ENABLE_MODULES = YES;
				CODE_SIGN_STYLE = Automatic;
				CURRENT_PROJECT_VERSION = 1;
				GENERATE_INFOPLIST_FILE = YES;
				IPHONEOS_DEPLOYMENT_TARGET = 16.4;
				MARKETING_VERSION = 1.0;
				PRODUCT_BUNDLE_IDENTIFIER = romacv.WiseCurrencyConverterTests;
				PRODUCT_NAME = "$(TARGET_NAME)";
				SWIFT_EMIT_LOC_STRINGS = NO;
				SWIFT_OPTIMIZATION_LEVEL = "-Onone";
				SWIFT_VERSION = 5.0;
				TARGETED_DEVICE_FAMILY = "1,2";
				TEST_HOST = "$(BUILT_PRODUCTS_DIR)/WiseCurrencyConverter.app/$(BUNDLE_EXECUTABLE_FOLDER_PATH)/WiseCurrencyConverter";
			};
			name = Debug;
		};
		EA03C9072A84F4DE006BE017 /* Release */ = {
			isa = XCBuildConfiguration;
			buildSettings = {
				ALWAYS_EMBED_SWIFT_STANDARD_LIBRARIES = YES;
				BUNDLE_LOADER = "$(TEST_HOST)";
				CLANG_ENABLE_MODULES = YES;
				CODE_SIGN_STYLE = Automatic;
				CURRENT_PROJECT_VERSION = 1;
				GENERATE_INFOPLIST_FILE = YES;
				IPHONEOS_DEPLOYMENT_TARGET = 16.4;
				MARKETING_VERSION = 1.0;
				PRODUCT_BUNDLE_IDENTIFIER = romacv.WiseCurrencyConverterTests;
				PRODUCT_NAME = "$(TARGET_NAME)";
				SWIFT_EMIT_LOC_STRINGS = NO;
				SWIFT_VERSION = 5.0;
				TARGETED_DEVICE_FAMILY = "1,2";
				TEST_HOST = "$(BUILT_PRODUCTS_DIR)/WiseCurrencyConverter.app/$(BUNDLE_EXECUTABLE_FOLDER_PATH)/WiseCurrencyConverter";
			};
			name = Release;
		};
		EA03C9092A84F4DE006BE017 /* Debug */ = {
			isa = XCBuildConfiguration;
			buildSettings = {
				ALWAYS_EMBED_SWIFT_STANDARD_LIBRARIES = YES;
				CODE_SIGN_STYLE = Automatic;
				CURRENT_PROJECT_VERSION = 1;
				GENERATE_INFOPLIST_FILE = YES;
				MARKETING_VERSION = 1.0;
				PRODUCT_BUNDLE_IDENTIFIER = romacv.WiseCurrencyConverterUITests;
				PRODUCT_NAME = "$(TARGET_NAME)";
				SWIFT_EMIT_LOC_STRINGS = NO;
				SWIFT_VERSION = 5.0;
				TARGETED_DEVICE_FAMILY = "1,2";
				TEST_TARGET_NAME = WiseCurrencyConverter;
			};
			name = Debug;
		};
		EA03C90A2A84F4DE006BE017 /* Release */ = {
			isa = XCBuildConfiguration;
			buildSettings = {
				ALWAYS_EMBED_SWIFT_STANDARD_LIBRARIES = YES;
				CODE_SIGN_STYLE = Automatic;
				CURRENT_PROJECT_VERSION = 1;
				GENERATE_INFOPLIST_FILE = YES;
				MARKETING_VERSION = 1.0;
				PRODUCT_BUNDLE_IDENTIFIER = romacv.WiseCurrencyConverterUITests;
				PRODUCT_NAME = "$(TARGET_NAME)";
				SWIFT_EMIT_LOC_STRINGS = NO;
				SWIFT_VERSION = 5.0;
				TARGETED_DEVICE_FAMILY = "1,2";
				TEST_TARGET_NAME = WiseCurrencyConverter;
			};
			name = Release;
		};
/* End XCBuildConfiguration section */

/* Begin XCConfigurationList section */
		EA03C8D32A84F4DD006BE017 /* Build configuration list for PBXProject "WiseCurrencyConverter" */ = {
			isa = XCConfigurationList;
			buildConfigurations = (
				EA03C9002A84F4DE006BE017 /* Debug */,
				EA03C9012A84F4DE006BE017 /* Release */,
			);
			defaultConfigurationIsVisible = 0;
			defaultConfigurationName = Release;
		};
		EA03C9022A84F4DE006BE017 /* Build configuration list for PBXNativeTarget "WiseCurrencyConverter" */ = {
			isa = XCConfigurationList;
			buildConfigurations = (
				EA03C9032A84F4DE006BE017 /* Debug */,
				EA03C9042A84F4DE006BE017 /* Release */,
			);
			defaultConfigurationIsVisible = 0;
			defaultConfigurationName = Release;
		};
		EA03C9052A84F4DE006BE017 /* Build configuration list for PBXNativeTarget "WiseCurrencyConverterTests" */ = {
			isa = XCConfigurationList;
			buildConfigurations = (
				EA03C9062A84F4DE006BE017 /* Debug */,
				EA03C9072A84F4DE006BE017 /* Release */,
			);
			defaultConfigurationIsVisible = 0;
			defaultConfigurationName = Release;
		};
		EA03C9082A84F4DE006BE017 /* Build configuration list for PBXNativeTarget "WiseCurrencyConverterUITests" */ = {
			isa = XCConfigurationList;
			buildConfigurations = (
				EA03C9092A84F4DE006BE017 /* Debug */,
				EA03C90A2A84F4DE006BE017 /* Release */,
			);
			defaultConfigurationIsVisible = 0;
			defaultConfigurationName = Release;
		};
/* End XCConfigurationList section */
	};
	rootObject = EA03C8D02A84F4DC006BE017 /* Project object */;
}
